// !$*UTF8*$!
{
	archiveVersion = 1;
	classes = {
	};
	objectVersion = 56;
	objects = {

/* Begin PBXBuildFile section */
		143F438A2992031A00812DD8 /* SongViewController.swift in Sources */ = {isa = PBXBuildFile; fileRef = 143F43892992031A00812DD8 /* SongViewController.swift */; };
		143F438C2992032E00812DD8 /* SongRouter.swift in Sources */ = {isa = PBXBuildFile; fileRef = 143F438B2992032E00812DD8 /* SongRouter.swift */; };
		143F438E2992033900812DD8 /* SongPresenter.swift in Sources */ = {isa = PBXBuildFile; fileRef = 143F438D2992033900812DD8 /* SongPresenter.swift */; };
		143F43902992034700812DD8 /* SongInteractor.swift in Sources */ = {isa = PBXBuildFile; fileRef = 143F438F2992034700812DD8 /* SongInteractor.swift */; };
		143F43922992035100812DD8 /* SongProtocol.swift in Sources */ = {isa = PBXBuildFile; fileRef = 143F43912992035100812DD8 /* SongProtocol.swift */; };
		143F43952992049800812DD8 /* VillagerProtocol.swift in Sources */ = {isa = PBXBuildFile; fileRef = 143F43942992049800812DD8 /* VillagerProtocol.swift */; };
		143F43972992085700812DD8 /* VillagerViewController.swift in Sources */ = {isa = PBXBuildFile; fileRef = 143F43962992085700812DD8 /* VillagerViewController.swift */; };
		143F43992992086700812DD8 /* VillagerDetailViewController.swift in Sources */ = {isa = PBXBuildFile; fileRef = 143F43982992086700812DD8 /* VillagerDetailViewController.swift */; };
		143F439B299208E500812DD8 /* VillagerPresenter.swift in Sources */ = {isa = PBXBuildFile; fileRef = 143F439A299208E500812DD8 /* VillagerPresenter.swift */; };
		143F439D299208EE00812DD8 /* VillagerInteractor.swift in Sources */ = {isa = PBXBuildFile; fileRef = 143F439C299208EE00812DD8 /* VillagerInteractor.swift */; };
		143F439F299208FF00812DD8 /* VillagerRouter.swift in Sources */ = {isa = PBXBuildFile; fileRef = 143F439E299208FF00812DD8 /* VillagerRouter.swift */; };
		143F43A32992102700812DD8 /* BugProtocol.swift in Sources */ = {isa = PBXBuildFile; fileRef = 143F43A22992102700812DD8 /* BugProtocol.swift */; };
		143F43A52992103400812DD8 /* FishProtocol.swift in Sources */ = {isa = PBXBuildFile; fileRef = 143F43A42992103400812DD8 /* FishProtocol.swift */; };
		143F43AF2992198E00812DD8 /* BugRouter.swift in Sources */ = {isa = PBXBuildFile; fileRef = 143F43AE2992198E00812DD8 /* BugRouter.swift */; };
		143F43B12992199700812DD8 /* BugInteractor.swift in Sources */ = {isa = PBXBuildFile; fileRef = 143F43B02992199700812DD8 /* BugInteractor.swift */; };
		143F43B3299219A000812DD8 /* BugPresenter.swift in Sources */ = {isa = PBXBuildFile; fileRef = 143F43B2299219A000812DD8 /* BugPresenter.swift */; };
		143F43B5299219CD00812DD8 /* BugViewController.swift in Sources */ = {isa = PBXBuildFile; fileRef = 143F43B4299219CD00812DD8 /* BugViewController.swift */; };
		143F43B7299219DE00812DD8 /* BugDetailViewController.swift in Sources */ = {isa = PBXBuildFile; fileRef = 143F43B6299219DE00812DD8 /* BugDetailViewController.swift */; };
		143F43B9299219FC00812DD8 /* FishRouter.swift in Sources */ = {isa = PBXBuildFile; fileRef = 143F43B8299219FC00812DD8 /* FishRouter.swift */; };
		143F43BB29921A0600812DD8 /* FishInteractor.swift in Sources */ = {isa = PBXBuildFile; fileRef = 143F43BA29921A0600812DD8 /* FishInteractor.swift */; };
		143F43BD29921A0E00812DD8 /* FishPresenter.swift in Sources */ = {isa = PBXBuildFile; fileRef = 143F43BC29921A0E00812DD8 /* FishPresenter.swift */; };
		143F43BF29921A1B00812DD8 /* FishViewController.swift in Sources */ = {isa = PBXBuildFile; fileRef = 143F43BE29921A1B00812DD8 /* FishViewController.swift */; };
		143F43C129921A3200812DD8 /* FishDetailViewController.swift in Sources */ = {isa = PBXBuildFile; fileRef = 143F43C029921A3200812DD8 /* FishDetailViewController.swift */; };
		143F43C82992793E00812DD8 /* MainCollectionViewcell.swift in Sources */ = {isa = PBXBuildFile; fileRef = 143F43C72992793E00812DD8 /* MainCollectionViewcell.swift */; };
		143FC21A2990AC52002E82EA /* MainInteractor.swift in Sources */ = {isa = PBXBuildFile; fileRef = 143FC2192990AC52002E82EA /* MainInteractor.swift */; };
		143FC21C2990AC5E002E82EA /* MainPresenter.swift in Sources */ = {isa = PBXBuildFile; fileRef = 143FC21B2990AC5E002E82EA /* MainPresenter.swift */; };
		143FC21F2990B366002E82EA /* MainEntity.swift in Sources */ = {isa = PBXBuildFile; fileRef = 143FC21E2990B366002E82EA /* MainEntity.swift */; };
		14846C3829934C2900DC2DD4 /* VillagerCollectionViewCell.swift in Sources */ = {isa = PBXBuildFile; fileRef = 14846C3729934C2900DC2DD4 /* VillagerCollectionViewCell.swift */; };
		14846C3E29934CE800DC2DD4 /* FishCollectionViewCell.swift in Sources */ = {isa = PBXBuildFile; fileRef = 14846C3D29934CE800DC2DD4 /* FishCollectionViewCell.swift */; };
		14846C4029934CF200DC2DD4 /* BugCollectionViewCell.swift in Sources */ = {isa = PBXBuildFile; fileRef = 14846C3F29934CF200DC2DD4 /* BugCollectionViewCell.swift */; };
		14846C4229934CFC00DC2DD4 /* SongCollectionViewCell.swift in Sources */ = {isa = PBXBuildFile; fileRef = 14846C4129934CFC00DC2DD4 /* SongCollectionViewCell.swift */; };
		14A2D032298E5C000072FE2A /* AppDelegate.swift in Sources */ = {isa = PBXBuildFile; fileRef = 14A2D031298E5C000072FE2A /* AppDelegate.swift */; };
		14A2D034298E5C000072FE2A /* SceneDelegate.swift in Sources */ = {isa = PBXBuildFile; fileRef = 14A2D033298E5C000072FE2A /* SceneDelegate.swift */; };
		14A2D03B298E5C010072FE2A /* Assets.xcassets in Resources */ = {isa = PBXBuildFile; fileRef = 14A2D03A298E5C010072FE2A /* Assets.xcassets */; };
		14A2D03E298E5C010072FE2A /* LaunchScreen.storyboard in Resources */ = {isa = PBXBuildFile; fileRef = 14A2D03C298E5C010072FE2A /* LaunchScreen.storyboard */; };
		14A2D04D298E5F680072FE2A /* Villager.swift in Sources */ = {isa = PBXBuildFile; fileRef = 14A2D04C298E5F680072FE2A /* Villager.swift */; };
		14A2D04F298E5F800072FE2A /* Song.swift in Sources */ = {isa = PBXBuildFile; fileRef = 14A2D04E298E5F800072FE2A /* Song.swift */; };
		14A2D051298E5FB70072FE2A /* Fish.swift in Sources */ = {isa = PBXBuildFile; fileRef = 14A2D050298E5FB70072FE2A /* Fish.swift */; };
		14A2D053298E5FC40072FE2A /* Bugs.swift in Sources */ = {isa = PBXBuildFile; fileRef = 14A2D052298E5FC40072FE2A /* Bugs.swift */; };
		14A2D05B298E61FC0072FE2A /* Name.swift in Sources */ = {isa = PBXBuildFile; fileRef = 14A2D05A298E61FC0072FE2A /* Name.swift */; };
		14A2D05D298E6ED40072FE2A /* Availability.swift in Sources */ = {isa = PBXBuildFile; fileRef = 14A2D05C298E6ED40072FE2A /* Availability.swift */; };
		14A2D069298E81860072FE2A /* API-Constant.swift in Sources */ = {isa = PBXBuildFile; fileRef = 14A2D068298E81860072FE2A /* API-Constant.swift */; };
		14A2D083298E8A460072FE2A /* MainRouter.swift in Sources */ = {isa = PBXBuildFile; fileRef = 14A2D082298E8A460072FE2A /* MainRouter.swift */; };
		14A2D08A298E8D640072FE2A /* MainViewController.swift in Sources */ = {isa = PBXBuildFile; fileRef = 14A2D089298E8D640072FE2A /* MainViewController.swift */; };
		14A2D08F298E8DA50072FE2A /* mainProtocols.swift in Sources */ = {isa = PBXBuildFile; fileRef = 14A2D08E298E8DA50072FE2A /* mainProtocols.swift */; };
/* End PBXBuildFile section */

/* Begin PBXFileReference section */
		143F43892992031A00812DD8 /* SongViewController.swift */ = {isa = PBXFileReference; lastKnownFileType = sourcecode.swift; path = SongViewController.swift; sourceTree = "<group>"; };
		143F438B2992032E00812DD8 /* SongRouter.swift */ = {isa = PBXFileReference; lastKnownFileType = sourcecode.swift; path = SongRouter.swift; sourceTree = "<group>"; };
		143F438D2992033900812DD8 /* SongPresenter.swift */ = {isa = PBXFileReference; lastKnownFileType = sourcecode.swift; path = SongPresenter.swift; sourceTree = "<group>"; };
		143F438F2992034700812DD8 /* SongInteractor.swift */ = {isa = PBXFileReference; lastKnownFileType = sourcecode.swift; path = SongInteractor.swift; sourceTree = "<group>"; };
		143F43912992035100812DD8 /* SongProtocol.swift */ = {isa = PBXFileReference; lastKnownFileType = sourcecode.swift; path = SongProtocol.swift; sourceTree = "<group>"; };
		143F43942992049800812DD8 /* VillagerProtocol.swift */ = {isa = PBXFileReference; lastKnownFileType = sourcecode.swift; path = VillagerProtocol.swift; sourceTree = "<group>"; };
		143F43962992085700812DD8 /* VillagerViewController.swift */ = {isa = PBXFileReference; lastKnownFileType = sourcecode.swift; path = VillagerViewController.swift; sourceTree = "<group>"; };
		143F43982992086700812DD8 /* VillagerDetailViewController.swift */ = {isa = PBXFileReference; lastKnownFileType = sourcecode.swift; path = VillagerDetailViewController.swift; sourceTree = "<group>"; };
		143F439A299208E500812DD8 /* VillagerPresenter.swift */ = {isa = PBXFileReference; lastKnownFileType = sourcecode.swift; path = VillagerPresenter.swift; sourceTree = "<group>"; };
		143F439C299208EE00812DD8 /* VillagerInteractor.swift */ = {isa = PBXFileReference; lastKnownFileType = sourcecode.swift; path = VillagerInteractor.swift; sourceTree = "<group>"; };
		143F439E299208FF00812DD8 /* VillagerRouter.swift */ = {isa = PBXFileReference; lastKnownFileType = sourcecode.swift; path = VillagerRouter.swift; sourceTree = "<group>"; };
		143F43A22992102700812DD8 /* BugProtocol.swift */ = {isa = PBXFileReference; lastKnownFileType = sourcecode.swift; path = BugProtocol.swift; sourceTree = "<group>"; };
		143F43A42992103400812DD8 /* FishProtocol.swift */ = {isa = PBXFileReference; lastKnownFileType = sourcecode.swift; path = FishProtocol.swift; sourceTree = "<group>"; };
		143F43AE2992198E00812DD8 /* BugRouter.swift */ = {isa = PBXFileReference; lastKnownFileType = sourcecode.swift; path = BugRouter.swift; sourceTree = "<group>"; };
		143F43B02992199700812DD8 /* BugInteractor.swift */ = {isa = PBXFileReference; lastKnownFileType = sourcecode.swift; path = BugInteractor.swift; sourceTree = "<group>"; };
		143F43B2299219A000812DD8 /* BugPresenter.swift */ = {isa = PBXFileReference; lastKnownFileType = sourcecode.swift; path = BugPresenter.swift; sourceTree = "<group>"; };
		143F43B4299219CD00812DD8 /* BugViewController.swift */ = {isa = PBXFileReference; lastKnownFileType = sourcecode.swift; path = BugViewController.swift; sourceTree = "<group>"; };
		143F43B6299219DE00812DD8 /* BugDetailViewController.swift */ = {isa = PBXFileReference; lastKnownFileType = sourcecode.swift; path = BugDetailViewController.swift; sourceTree = "<group>"; };
		143F43B8299219FC00812DD8 /* FishRouter.swift */ = {isa = PBXFileReference; lastKnownFileType = sourcecode.swift; path = FishRouter.swift; sourceTree = "<group>"; };
		143F43BA29921A0600812DD8 /* FishInteractor.swift */ = {isa = PBXFileReference; lastKnownFileType = sourcecode.swift; path = FishInteractor.swift; sourceTree = "<group>"; };
		143F43BC29921A0E00812DD8 /* FishPresenter.swift */ = {isa = PBXFileReference; lastKnownFileType = sourcecode.swift; path = FishPresenter.swift; sourceTree = "<group>"; };
		143F43BE29921A1B00812DD8 /* FishViewController.swift */ = {isa = PBXFileReference; lastKnownFileType = sourcecode.swift; path = FishViewController.swift; sourceTree = "<group>"; };
		143F43C029921A3200812DD8 /* FishDetailViewController.swift */ = {isa = PBXFileReference; lastKnownFileType = sourcecode.swift; path = FishDetailViewController.swift; sourceTree = "<group>"; };
		143F43C72992793E00812DD8 /* MainCollectionViewcell.swift */ = {isa = PBXFileReference; lastKnownFileType = sourcecode.swift; path = MainCollectionViewcell.swift; sourceTree = "<group>"; };
		143FC2192990AC52002E82EA /* MainInteractor.swift */ = {isa = PBXFileReference; lastKnownFileType = sourcecode.swift; path = MainInteractor.swift; sourceTree = "<group>"; };
		143FC21B2990AC5E002E82EA /* MainPresenter.swift */ = {isa = PBXFileReference; lastKnownFileType = sourcecode.swift; path = MainPresenter.swift; sourceTree = "<group>"; };
		143FC21E2990B366002E82EA /* MainEntity.swift */ = {isa = PBXFileReference; lastKnownFileType = sourcecode.swift; path = MainEntity.swift; sourceTree = "<group>"; };
		14846C3729934C2900DC2DD4 /* VillagerCollectionViewCell.swift */ = {isa = PBXFileReference; lastKnownFileType = sourcecode.swift; path = VillagerCollectionViewCell.swift; sourceTree = "<group>"; };
		14846C3D29934CE800DC2DD4 /* FishCollectionViewCell.swift */ = {isa = PBXFileReference; lastKnownFileType = sourcecode.swift; path = FishCollectionViewCell.swift; sourceTree = "<group>"; };
		14846C3F29934CF200DC2DD4 /* BugCollectionViewCell.swift */ = {isa = PBXFileReference; lastKnownFileType = sourcecode.swift; path = BugCollectionViewCell.swift; sourceTree = "<group>"; };
		14846C4129934CFC00DC2DD4 /* SongCollectionViewCell.swift */ = {isa = PBXFileReference; lastKnownFileType = sourcecode.swift; path = SongCollectionViewCell.swift; sourceTree = "<group>"; };
		14A2D02E298E5C000072FE2A /* AnimalCrossingPedia.app */ = {isa = PBXFileReference; explicitFileType = wrapper.application; includeInIndex = 0; path = AnimalCrossingPedia.app; sourceTree = BUILT_PRODUCTS_DIR; };
		14A2D031298E5C000072FE2A /* AppDelegate.swift */ = {isa = PBXFileReference; lastKnownFileType = sourcecode.swift; path = AppDelegate.swift; sourceTree = "<group>"; };
		14A2D033298E5C000072FE2A /* SceneDelegate.swift */ = {isa = PBXFileReference; lastKnownFileType = sourcecode.swift; path = SceneDelegate.swift; sourceTree = "<group>"; };
		14A2D03A298E5C010072FE2A /* Assets.xcassets */ = {isa = PBXFileReference; lastKnownFileType = folder.assetcatalog; path = Assets.xcassets; sourceTree = "<group>"; };
		14A2D03D298E5C010072FE2A /* Base */ = {isa = PBXFileReference; lastKnownFileType = file.storyboard; name = Base; path = Base.lproj/LaunchScreen.storyboard; sourceTree = "<group>"; };
		14A2D03F298E5C010072FE2A /* Info.plist */ = {isa = PBXFileReference; lastKnownFileType = text.plist.xml; path = Info.plist; sourceTree = "<group>"; };
		14A2D04C298E5F680072FE2A /* Villager.swift */ = {isa = PBXFileReference; lastKnownFileType = sourcecode.swift; path = Villager.swift; sourceTree = "<group>"; };
		14A2D04E298E5F800072FE2A /* Song.swift */ = {isa = PBXFileReference; lastKnownFileType = sourcecode.swift; path = Song.swift; sourceTree = "<group>"; };
		14A2D050298E5FB70072FE2A /* Fish.swift */ = {isa = PBXFileReference; lastKnownFileType = sourcecode.swift; path = Fish.swift; sourceTree = "<group>"; };
		14A2D052298E5FC40072FE2A /* Bugs.swift */ = {isa = PBXFileReference; lastKnownFileType = sourcecode.swift; path = Bugs.swift; sourceTree = "<group>"; };
		14A2D05A298E61FC0072FE2A /* Name.swift */ = {isa = PBXFileReference; lastKnownFileType = sourcecode.swift; path = Name.swift; sourceTree = "<group>"; };
		14A2D05C298E6ED40072FE2A /* Availability.swift */ = {isa = PBXFileReference; lastKnownFileType = sourcecode.swift; path = Availability.swift; sourceTree = "<group>"; };
		14A2D068298E81860072FE2A /* API-Constant.swift */ = {isa = PBXFileReference; lastKnownFileType = sourcecode.swift; path = "API-Constant.swift"; sourceTree = "<group>"; };
		14A2D082298E8A460072FE2A /* MainRouter.swift */ = {isa = PBXFileReference; lastKnownFileType = sourcecode.swift; path = MainRouter.swift; sourceTree = "<group>"; };
		14A2D089298E8D640072FE2A /* MainViewController.swift */ = {isa = PBXFileReference; lastKnownFileType = sourcecode.swift; path = MainViewController.swift; sourceTree = "<group>"; };
		14A2D08E298E8DA50072FE2A /* mainProtocols.swift */ = {isa = PBXFileReference; lastKnownFileType = sourcecode.swift; path = mainProtocols.swift; sourceTree = "<group>"; };
/* End PBXFileReference section */

/* Begin PBXFrameworksBuildPhase section */
		14A2D02B298E5C000072FE2A /* Frameworks */ = {
			isa = PBXFrameworksBuildPhase;
			buildActionMask = 2147483647;
			files = (
			);
			runOnlyForDeploymentPostprocessing = 0;
		};
/* End PBXFrameworksBuildPhase section */

/* Begin PBXGroup section */
		143F4384299202C100812DD8 /* song-protocol */ = {
			isa = PBXGroup;
			children = (
				143F43912992035100812DD8 /* SongProtocol.swift */,
			);
			path = "song-protocol";
			sourceTree = "<group>";
		};
		143F4385299202C800812DD8 /* song-interactor */ = {
			isa = PBXGroup;
			children = (
				143F438F2992034700812DD8 /* SongInteractor.swift */,
			);
			path = "song-interactor";
			sourceTree = "<group>";
		};
		143F4386299202D100812DD8 /* song-presenter */ = {
			isa = PBXGroup;
			children = (
				143F438D2992033900812DD8 /* SongPresenter.swift */,
			);
			path = "song-presenter";
			sourceTree = "<group>";
		};
		143F4387299202D900812DD8 /* song-router */ = {
			isa = PBXGroup;
			children = (
				143F438B2992032E00812DD8 /* SongRouter.swift */,
			);
			path = "song-router";
			sourceTree = "<group>";
		};
		143F4388299202E100812DD8 /* song-view */ = {
			isa = PBXGroup;
			children = (
				143F43892992031A00812DD8 /* SongViewController.swift */,
			);
			path = "song-view";
			sourceTree = "<group>";
		};
		143F43932992048900812DD8 /* villager-protocol */ = {
			isa = PBXGroup;
			children = (
				143F43942992049800812DD8 /* VillagerProtocol.swift */,
			);
			path = "villager-protocol";
			sourceTree = "<group>";
		};
		143F43A02992101200812DD8 /* bug-protocol */ = {
			isa = PBXGroup;
			children = (
				143F43A22992102700812DD8 /* BugProtocol.swift */,
			);
			path = "bug-protocol";
			sourceTree = "<group>";
		};
		143F43A12992101B00812DD8 /* fish-protocol */ = {
			isa = PBXGroup;
			children = (
				143F43A42992103400812DD8 /* FishProtocol.swift */,
			);
			path = "fish-protocol";
			sourceTree = "<group>";
		};
		143F43A6299210F900812DD8 /* bug-view */ = {
			isa = PBXGroup;
			children = (
				143F43B4299219CD00812DD8 /* BugViewController.swift */,
				143F43B6299219DE00812DD8 /* BugDetailViewController.swift */,
			);
			path = "bug-view";
			sourceTree = "<group>";
		};
		143F43A72992110100812DD8 /* bug-presenter */ = {
			isa = PBXGroup;
			children = (
				143F43B2299219A000812DD8 /* BugPresenter.swift */,
			);
			path = "bug-presenter";
			sourceTree = "<group>";
		};
		143F43A82992110700812DD8 /* bug-interactor */ = {
			isa = PBXGroup;
			children = (
				143F43B02992199700812DD8 /* BugInteractor.swift */,
			);
			path = "bug-interactor";
			sourceTree = "<group>";
		};
		143F43A92992110C00812DD8 /* bug-router */ = {
			isa = PBXGroup;
			children = (
				143F43AE2992198E00812DD8 /* BugRouter.swift */,
			);
			path = "bug-router";
			sourceTree = "<group>";
		};
		143F43AA2992111200812DD8 /* fish-view */ = {
			isa = PBXGroup;
			children = (
				143F43BE29921A1B00812DD8 /* FishViewController.swift */,
				143F43C029921A3200812DD8 /* FishDetailViewController.swift */,
			);
			path = "fish-view";
			sourceTree = "<group>";
		};
		143F43AB2992111A00812DD8 /* fish-presenter */ = {
			isa = PBXGroup;
			children = (
				143F43BC29921A0E00812DD8 /* FishPresenter.swift */,
			);
			path = "fish-presenter";
			sourceTree = "<group>";
		};
		143F43AC2992111F00812DD8 /* fish-interactor */ = {
			isa = PBXGroup;
			children = (
				143F43BA29921A0600812DD8 /* FishInteractor.swift */,
			);
			path = "fish-interactor";
			sourceTree = "<group>";
		};
		143F43AD2992112600812DD8 /* fish-router */ = {
			isa = PBXGroup;
			children = (
				143F43B8299219FC00812DD8 /* FishRouter.swift */,
			);
			path = "fish-router";
			sourceTree = "<group>";
		};
		143FC21D2990B350002E82EA /* main-entity */ = {
			isa = PBXGroup;
			children = (
				143FC21E2990B366002E82EA /* MainEntity.swift */,
			);
			path = "main-entity";
			sourceTree = "<group>";
		};
		143FC2202990BC6B002E82EA /* app-custom-ui */ = {
			isa = PBXGroup;
			children = (
				14846C3B29934C8000DC2DD4 /* song-collectionViewCell */,
				14846C3A29934C6500DC2DD4 /* bug-collectionViewCell */,
				14846C3929934C5600DC2DD4 /* fish-collectionViewCell */,
				14846C3629934C0F00DC2DD4 /* villager-collectionViewCell */,
				143FC2212990BEC0002E82EA /* main-collectionViewCell */,
			);
			path = "app-custom-ui";
			sourceTree = "<group>";
		};
		143FC2212990BEC0002E82EA /* main-collectionViewCell */ = {
			isa = PBXGroup;
			children = (
				143F43C72992793E00812DD8 /* MainCollectionViewcell.swift */,
			);
			path = "main-collectionViewCell";
			sourceTree = "<group>";
		};
		14846C3629934C0F00DC2DD4 /* villager-collectionViewCell */ = {
			isa = PBXGroup;
			children = (
				14846C3729934C2900DC2DD4 /* VillagerCollectionViewCell.swift */,
			);
			path = "villager-collectionViewCell";
			sourceTree = "<group>";
		};
		14846C3929934C5600DC2DD4 /* fish-collectionViewCell */ = {
			isa = PBXGroup;
			children = (
				14846C3D29934CE800DC2DD4 /* FishCollectionViewCell.swift */,
			);
			path = "fish-collectionViewCell";
			sourceTree = "<group>";
		};
		14846C3A29934C6500DC2DD4 /* bug-collectionViewCell */ = {
			isa = PBXGroup;
			children = (
				14846C3F29934CF200DC2DD4 /* BugCollectionViewCell.swift */,
			);
			path = "bug-collectionViewCell";
			sourceTree = "<group>";
		};
		14846C3B29934C8000DC2DD4 /* song-collectionViewCell */ = {
			isa = PBXGroup;
			children = (
				14846C4129934CFC00DC2DD4 /* SongCollectionViewCell.swift */,
			);
			path = "song-collectionViewCell";
			sourceTree = "<group>";
		};
		14A2D025298E5C000072FE2A = {
			isa = PBXGroup;
			children = (
				14A2D030298E5C000072FE2A /* AnimalCrossingPedia */,
				14A2D02F298E5C000072FE2A /* Products */,
			);
			sourceTree = "<group>";
		};
		14A2D02F298E5C000072FE2A /* Products */ = {
			isa = PBXGroup;
			children = (
				14A2D02E298E5C000072FE2A /* AnimalCrossingPedia.app */,
			);
			name = Products;
			sourceTree = "<group>";
		};
		14A2D030298E5C000072FE2A /* AnimalCrossingPedia */ = {
			isa = PBXGroup;
			children = (
				14A2D061298E80F80072FE2A /* app-utils */,
				14A2D060298E80B90072FE2A /* app-modules */,
				14A2D05F298E80B20072FE2A /* app-assets */,
				14A2D05E298E80AB0072FE2A /* app-settings */,
				14A2D03F298E5C010072FE2A /* Info.plist */,
			);
			path = AnimalCrossingPedia;
			sourceTree = "<group>";
		};
		14A2D05E298E80AB0072FE2A /* app-settings */ = {
			isa = PBXGroup;
			children = (
				14A2D031298E5C000072FE2A /* AppDelegate.swift */,
				14A2D033298E5C000072FE2A /* SceneDelegate.swift */,
			);
			path = "app-settings";
			sourceTree = "<group>";
		};
		14A2D05F298E80B20072FE2A /* app-assets */ = {
			isa = PBXGroup;
			children = (
				143FC2202990BC6B002E82EA /* app-custom-ui */,
				14A2D03A298E5C010072FE2A /* Assets.xcassets */,
				14A2D03C298E5C010072FE2A /* LaunchScreen.storyboard */,
			);
			path = "app-assets";
			sourceTree = "<group>";
		};
		14A2D060298E80B90072FE2A /* app-modules */ = {
			isa = PBXGroup;
			children = (
				14A2D06E298E83060072FE2A /* Villager-Modules */,
				14A2D06D298E82F00072FE2A /* Creatures-Modules */,
				14A2D064298E81300072FE2A /* song-module */,
				14A2D063298E812A0072FE2A /* main-module */,
			);
			path = "app-modules";
			sourceTree = "<group>";
		};
		14A2D061298E80F80072FE2A /* app-utils */ = {
			isa = PBXGroup;
			children = (
				14A2D067298E81720072FE2A /* app-constants */,
			);
			path = "app-utils";
			sourceTree = "<group>";
		};
		14A2D062298E81210072FE2A /* villager-module */ = {
			isa = PBXGroup;
			children = (
				14A2D07D298E8A090072FE2A /* villager-view */,
				14A2D07C298E8A030072FE2A /* villager-presenter */,
				14A2D07B298E89FB0072FE2A /* villager-interactor */,
				14A2D07A298E89F30072FE2A /* villager-router */,
			);
			path = "villager-module";
			sourceTree = "<group>";
		};
		14A2D063298E812A0072FE2A /* main-module */ = {
			isa = PBXGroup;
			children = (
				143FC21D2990B350002E82EA /* main-entity */,
				14A2D08D298E8D990072FE2A /* main-protocol */,
				14A2D08B298E8D880072FE2A /* main-interactor */,
				14A2D088298E8D370072FE2A /* main-presnter */,
				14A2D081298E8A350072FE2A /* main-router */,
				14A2D07E298E8A190072FE2A /* main-view */,
			);
			path = "main-module";
			sourceTree = "<group>";
		};
		14A2D064298E81300072FE2A /* song-module */ = {
			isa = PBXGroup;
			children = (
				143F4388299202E100812DD8 /* song-view */,
				143F4387299202D900812DD8 /* song-router */,
				143F4386299202D100812DD8 /* song-presenter */,
				143F4385299202C800812DD8 /* song-interactor */,
				143F4384299202C100812DD8 /* song-protocol */,
				14A2D074298E899F0072FE2A /* song-entity */,
			);
			path = "song-module";
			sourceTree = "<group>";
		};
		14A2D065298E81410072FE2A /* bugs-module */ = {
			isa = PBXGroup;
			children = (
				143F43A92992110C00812DD8 /* bug-router */,
				143F43A82992110700812DD8 /* bug-interactor */,
				143F43A72992110100812DD8 /* bug-presenter */,
				143F43A6299210F900812DD8 /* bug-view */,
			);
			path = "bugs-module";
			sourceTree = "<group>";
		};
		14A2D066298E81470072FE2A /* fish-module */ = {
			isa = PBXGroup;
			children = (
				143F43AD2992112600812DD8 /* fish-router */,
				143F43AC2992111F00812DD8 /* fish-interactor */,
				143F43AB2992111A00812DD8 /* fish-presenter */,
				143F43AA2992111200812DD8 /* fish-view */,
			);
			path = "fish-module";
			sourceTree = "<group>";
		};
		14A2D067298E81720072FE2A /* app-constants */ = {
			isa = PBXGroup;
			children = (
				14A2D068298E81860072FE2A /* API-Constant.swift */,
				14A2D05A298E61FC0072FE2A /* Name.swift */,
				14A2D05C298E6ED40072FE2A /* Availability.swift */,
			);
			path = "app-constants";
			sourceTree = "<group>";
		};
		14A2D06D298E82F00072FE2A /* Creatures-Modules */ = {
			isa = PBXGroup;
			children = (
				14A2D071298E895D0072FE2A /* bugs */,
				14A2D070298E89590072FE2A /* fish */,
			);
			path = "Creatures-Modules";
			sourceTree = "<group>";
		};
		14A2D06E298E83060072FE2A /* Villager-Modules */ = {
			isa = PBXGroup;
			children = (
				143F43932992048900812DD8 /* villager-protocol */,
				14A2D06F298E894D0072FE2A /* villager-entity */,
				14A2D062298E81210072FE2A /* villager-module */,
			);
			path = "Villager-Modules";
			sourceTree = "<group>";
		};
		14A2D06F298E894D0072FE2A /* villager-entity */ = {
			isa = PBXGroup;
			children = (
				14A2D04C298E5F680072FE2A /* Villager.swift */,
			);
			path = "villager-entity";
			sourceTree = "<group>";
		};
		14A2D070298E89590072FE2A /* fish */ = {
			isa = PBXGroup;
			children = (
				143F43A12992101B00812DD8 /* fish-protocol */,
				14A2D073298E89840072FE2A /* fish-entity */,
				14A2D066298E81470072FE2A /* fish-module */,
			);
			path = fish;
			sourceTree = "<group>";
		};
		14A2D071298E895D0072FE2A /* bugs */ = {
			isa = PBXGroup;
			children = (
				143F43A02992101200812DD8 /* bug-protocol */,
				14A2D072298E89790072FE2A /* bug-entity */,
				14A2D065298E81410072FE2A /* bugs-module */,
			);
			path = bugs;
			sourceTree = "<group>";
		};
		14A2D072298E89790072FE2A /* bug-entity */ = {
			isa = PBXGroup;
			children = (
				14A2D052298E5FC40072FE2A /* Bugs.swift */,
			);
			path = "bug-entity";
			sourceTree = "<group>";
		};
		14A2D073298E89840072FE2A /* fish-entity */ = {
			isa = PBXGroup;
			children = (
				14A2D050298E5FB70072FE2A /* Fish.swift */,
			);
			path = "fish-entity";
			sourceTree = "<group>";
		};
		14A2D074298E899F0072FE2A /* song-entity */ = {
			isa = PBXGroup;
			children = (
				14A2D04E298E5F800072FE2A /* Song.swift */,
			);
			path = "song-entity";
			sourceTree = "<group>";
		};
		14A2D07A298E89F30072FE2A /* villager-router */ = {
			isa = PBXGroup;
			children = (
				143F439E299208FF00812DD8 /* VillagerRouter.swift */,
			);
			path = "villager-router";
			sourceTree = "<group>";
		};
		14A2D07B298E89FB0072FE2A /* villager-interactor */ = {
			isa = PBXGroup;
			children = (
				143F439C299208EE00812DD8 /* VillagerInteractor.swift */,
			);
			path = "villager-interactor";
			sourceTree = "<group>";
		};
		14A2D07C298E8A030072FE2A /* villager-presenter */ = {
			isa = PBXGroup;
			children = (
				143F439A299208E500812DD8 /* VillagerPresenter.swift */,
			);
			path = "villager-presenter";
			sourceTree = "<group>";
		};
		14A2D07D298E8A090072FE2A /* villager-view */ = {
			isa = PBXGroup;
			children = (
				143F43962992085700812DD8 /* VillagerViewController.swift */,
				143F43982992086700812DD8 /* VillagerDetailViewController.swift */,
			);
			path = "villager-view";
			sourceTree = "<group>";
		};
		14A2D07E298E8A190072FE2A /* main-view */ = {
			isa = PBXGroup;
			children = (
				14A2D089298E8D640072FE2A /* MainViewController.swift */,
			);
			path = "main-view";
			sourceTree = "<group>";
		};
		14A2D081298E8A350072FE2A /* main-router */ = {
			isa = PBXGroup;
			children = (
				14A2D082298E8A460072FE2A /* MainRouter.swift */,
			);
			path = "main-router";
			sourceTree = "<group>";
		};
		14A2D088298E8D370072FE2A /* main-presnter */ = {
			isa = PBXGroup;
			children = (
				143FC21B2990AC5E002E82EA /* MainPresenter.swift */,
			);
			path = "main-presnter";
			sourceTree = "<group>";
		};
		14A2D08B298E8D880072FE2A /* main-interactor */ = {
			isa = PBXGroup;
			children = (
				143FC2192990AC52002E82EA /* MainInteractor.swift */,
			);
			path = "main-interactor";
			sourceTree = "<group>";
		};
		14A2D08D298E8D990072FE2A /* main-protocol */ = {
			isa = PBXGroup;
			children = (
				14A2D08E298E8DA50072FE2A /* mainProtocols.swift */,
			);
			path = "main-protocol";
			sourceTree = "<group>";
		};
/* End PBXGroup section */

/* Begin PBXNativeTarget section */
		14A2D02D298E5C000072FE2A /* AnimalCrossingPedia */ = {
			isa = PBXNativeTarget;
			buildConfigurationList = 14A2D042298E5C010072FE2A /* Build configuration list for PBXNativeTarget "AnimalCrossingPedia" */;
			buildPhases = (
				14A2D02A298E5C000072FE2A /* Sources */,
				14A2D02B298E5C000072FE2A /* Frameworks */,
				14A2D02C298E5C000072FE2A /* Resources */,
			);
			buildRules = (
			);
			dependencies = (
			);
			name = AnimalCrossingPedia;
			productName = AnimalCrossingPedia;
			productReference = 14A2D02E298E5C000072FE2A /* AnimalCrossingPedia.app */;
			productType = "com.apple.product-type.application";
		};
/* End PBXNativeTarget section */

/* Begin PBXProject section */
		14A2D026298E5C000072FE2A /* Project object */ = {
			isa = PBXProject;
			attributes = {
				BuildIndependentTargetsInParallel = 1;
				LastSwiftUpdateCheck = 1400;
				LastUpgradeCheck = 1400;
				TargetAttributes = {
					14A2D02D298E5C000072FE2A = {
						CreatedOnToolsVersion = 14.0.1;
					};
				};
			};
			buildConfigurationList = 14A2D029298E5C000072FE2A /* Build configuration list for PBXProject "AnimalCrossingPedia" */;
			compatibilityVersion = "Xcode 14.0";
			developmentRegion = en;
			hasScannedForEncodings = 0;
			knownRegions = (
				en,
				Base,
			);
			mainGroup = 14A2D025298E5C000072FE2A;
			productRefGroup = 14A2D02F298E5C000072FE2A /* Products */;
			projectDirPath = "";
			projectRoot = "";
			targets = (
				14A2D02D298E5C000072FE2A /* AnimalCrossingPedia */,
			);
		};
/* End PBXProject section */

/* Begin PBXResourcesBuildPhase section */
		14A2D02C298E5C000072FE2A /* Resources */ = {
			isa = PBXResourcesBuildPhase;
			buildActionMask = 2147483647;
			files = (
				14A2D03E298E5C010072FE2A /* LaunchScreen.storyboard in Resources */,
				14A2D03B298E5C010072FE2A /* Assets.xcassets in Resources */,
			);
			runOnlyForDeploymentPostprocessing = 0;
		};
/* End PBXResourcesBuildPhase section */

/* Begin PBXSourcesBuildPhase section */
		14A2D02A298E5C000072FE2A /* Sources */ = {
			isa = PBXSourcesBuildPhase;
			buildActionMask = 2147483647;
			files = (
				14A2D08F298E8DA50072FE2A /* mainProtocols.swift in Sources */,
				143F438C2992032E00812DD8 /* SongRouter.swift in Sources */,
				14A2D051298E5FB70072FE2A /* Fish.swift in Sources */,
				143F43C82992793E00812DD8 /* MainCollectionViewcell.swift in Sources */,
				143F43B9299219FC00812DD8 /* FishRouter.swift in Sources */,
				143F43BB29921A0600812DD8 /* FishInteractor.swift in Sources */,
				143F43B3299219A000812DD8 /* BugPresenter.swift in Sources */,
				143F43AF2992198E00812DD8 /* BugRouter.swift in Sources */,
				14846C3829934C2900DC2DD4 /* VillagerCollectionViewCell.swift in Sources */,
				143F438A2992031A00812DD8 /* SongViewController.swift in Sources */,
				143F43A32992102700812DD8 /* BugProtocol.swift in Sources */,
				143F439B299208E500812DD8 /* VillagerPresenter.swift in Sources */,
				14A2D04F298E5F800072FE2A /* Song.swift in Sources */,
				14A2D05D298E6ED40072FE2A /* Availability.swift in Sources */,
				143FC21A2990AC52002E82EA /* MainInteractor.swift in Sources */,
				14846C4229934CFC00DC2DD4 /* SongCollectionViewCell.swift in Sources */,
				143F43972992085700812DD8 /* VillagerViewController.swift in Sources */,
				14A2D069298E81860072FE2A /* API-Constant.swift in Sources */,
				14846C4029934CF200DC2DD4 /* BugCollectionViewCell.swift in Sources */,
				143F43C129921A3200812DD8 /* FishDetailViewController.swift in Sources */,
				143F438E2992033900812DD8 /* SongPresenter.swift in Sources */,
				14846C3E29934CE800DC2DD4 /* FishCollectionViewCell.swift in Sources */,
				143F43B7299219DE00812DD8 /* BugDetailViewController.swift in Sources */,
				143F439F299208FF00812DD8 /* VillagerRouter.swift in Sources */,
				143F43902992034700812DD8 /* SongInteractor.swift in Sources */,
				143F43B5299219CD00812DD8 /* BugViewController.swift in Sources */,
				143F43B12992199700812DD8 /* BugInteractor.swift in Sources */,
				14A2D04D298E5F680072FE2A /* Villager.swift in Sources */,
				143F43952992049800812DD8 /* VillagerProtocol.swift in Sources */,
				143F43922992035100812DD8 /* SongProtocol.swift in Sources */,
				14A2D083298E8A460072FE2A /* MainRouter.swift in Sources */,
				14A2D05B298E61FC0072FE2A /* Name.swift in Sources */,
				143F43992992086700812DD8 /* VillagerDetailViewController.swift in Sources */,
				143FC21C2990AC5E002E82EA /* MainPresenter.swift in Sources */,
				143F439D299208EE00812DD8 /* VillagerInteractor.swift in Sources */,
				143F43BF29921A1B00812DD8 /* FishViewController.swift in Sources */,
				14A2D08A298E8D640072FE2A /* MainViewController.swift in Sources */,
				143F43BD29921A0E00812DD8 /* FishPresenter.swift in Sources */,
				14A2D032298E5C000072FE2A /* AppDelegate.swift in Sources */,
				14A2D053298E5FC40072FE2A /* Bugs.swift in Sources */,
				143F43A52992103400812DD8 /* FishProtocol.swift in Sources */,
				14A2D034298E5C000072FE2A /* SceneDelegate.swift in Sources */,
				143FC21F2990B366002E82EA /* MainEntity.swift in Sources */,
			);
			runOnlyForDeploymentPostprocessing = 0;
		};
/* End PBXSourcesBuildPhase section */

/* Begin PBXVariantGroup section */
		14A2D03C298E5C010072FE2A /* LaunchScreen.storyboard */ = {
			isa = PBXVariantGroup;
			children = (
				14A2D03D298E5C010072FE2A /* Base */,
			);
			name = LaunchScreen.storyboard;
			sourceTree = "<group>";
		};
/* End PBXVariantGroup section */

/* Begin XCBuildConfiguration section */
		14A2D040298E5C010072FE2A /* Debug */ = {
			isa = XCBuildConfiguration;
			buildSettings = {
				ALWAYS_SEARCH_USER_PATHS = NO;
				CLANG_ANALYZER_NONNULL = YES;
				CLANG_ANALYZER_NUMBER_OBJECT_CONVERSION = YES_AGGRESSIVE;
				CLANG_CXX_LANGUAGE_STANDARD = "gnu++20";
				CLANG_ENABLE_MODULES = YES;
				CLANG_ENABLE_OBJC_ARC = YES;
				CLANG_ENABLE_OBJC_WEAK = YES;
				CLANG_WARN_BLOCK_CAPTURE_AUTORELEASING = YES;
				CLANG_WARN_BOOL_CONVERSION = YES;
				CLANG_WARN_COMMA = YES;
				CLANG_WARN_CONSTANT_CONVERSION = YES;
				CLANG_WARN_DEPRECATED_OBJC_IMPLEMENTATIONS = YES;
				CLANG_WARN_DIRECT_OBJC_ISA_USAGE = YES_ERROR;
				CLANG_WARN_DOCUMENTATION_COMMENTS = YES;
				CLANG_WARN_EMPTY_BODY = YES;
				CLANG_WARN_ENUM_CONVERSION = YES;
				CLANG_WARN_INFINITE_RECURSION = YES;
				CLANG_WARN_INT_CONVERSION = YES;
				CLANG_WARN_NON_LITERAL_NULL_CONVERSION = YES;
				CLANG_WARN_OBJC_IMPLICIT_RETAIN_SELF = YES;
				CLANG_WARN_OBJC_LITERAL_CONVERSION = YES;
				CLANG_WARN_OBJC_ROOT_CLASS = YES_ERROR;
				CLANG_WARN_QUOTED_INCLUDE_IN_FRAMEWORK_HEADER = YES;
				CLANG_WARN_RANGE_LOOP_ANALYSIS = YES;
				CLANG_WARN_STRICT_PROTOTYPES = YES;
				CLANG_WARN_SUSPICIOUS_MOVE = YES;
				CLANG_WARN_UNGUARDED_AVAILABILITY = YES_AGGRESSIVE;
				CLANG_WARN_UNREACHABLE_CODE = YES;
				CLANG_WARN__DUPLICATE_METHOD_MATCH = YES;
				COPY_PHASE_STRIP = NO;
				DEBUG_INFORMATION_FORMAT = dwarf;
				ENABLE_STRICT_OBJC_MSGSEND = YES;
				ENABLE_TESTABILITY = YES;
				GCC_C_LANGUAGE_STANDARD = gnu11;
				GCC_DYNAMIC_NO_PIC = NO;
				GCC_NO_COMMON_BLOCKS = YES;
				GCC_OPTIMIZATION_LEVEL = 0;
				GCC_PREPROCESSOR_DEFINITIONS = (
					"DEBUG=1",
					"$(inherited)",
				);
				GCC_WARN_64_TO_32_BIT_CONVERSION = YES;
				GCC_WARN_ABOUT_RETURN_TYPE = YES_ERROR;
				GCC_WARN_UNDECLARED_SELECTOR = YES;
				GCC_WARN_UNINITIALIZED_AUTOS = YES_AGGRESSIVE;
				GCC_WARN_UNUSED_FUNCTION = YES;
				GCC_WARN_UNUSED_VARIABLE = YES;
				IPHONEOS_DEPLOYMENT_TARGET = 16.0;
				MTL_ENABLE_DEBUG_INFO = INCLUDE_SOURCE;
				MTL_FAST_MATH = YES;
				ONLY_ACTIVE_ARCH = YES;
				SDKROOT = iphoneos;
				SWIFT_ACTIVE_COMPILATION_CONDITIONS = DEBUG;
				SWIFT_OPTIMIZATION_LEVEL = "-Onone";
			};
			name = Debug;
		};
		14A2D041298E5C010072FE2A /* Release */ = {
			isa = XCBuildConfiguration;
			buildSettings = {
				ALWAYS_SEARCH_USER_PATHS = NO;
				CLANG_ANALYZER_NONNULL = YES;
				CLANG_ANALYZER_NUMBER_OBJECT_CONVERSION = YES_AGGRESSIVE;
				CLANG_CXX_LANGUAGE_STANDARD = "gnu++20";
				CLANG_ENABLE_MODULES = YES;
				CLANG_ENABLE_OBJC_ARC = YES;
				CLANG_ENABLE_OBJC_WEAK = YES;
				CLANG_WARN_BLOCK_CAPTURE_AUTORELEASING = YES;
				CLANG_WARN_BOOL_CONVERSION = YES;
				CLANG_WARN_COMMA = YES;
				CLANG_WARN_CONSTANT_CONVERSION = YES;
				CLANG_WARN_DEPRECATED_OBJC_IMPLEMENTATIONS = YES;
				CLANG_WARN_DIRECT_OBJC_ISA_USAGE = YES_ERROR;
				CLANG_WARN_DOCUMENTATION_COMMENTS = YES;
				CLANG_WARN_EMPTY_BODY = YES;
				CLANG_WARN_ENUM_CONVERSION = YES;
				CLANG_WARN_INFINITE_RECURSION = YES;
				CLANG_WARN_INT_CONVERSION = YES;
				CLANG_WARN_NON_LITERAL_NULL_CONVERSION = YES;
				CLANG_WARN_OBJC_IMPLICIT_RETAIN_SELF = YES;
				CLANG_WARN_OBJC_LITERAL_CONVERSION = YES;
				CLANG_WARN_OBJC_ROOT_CLASS = YES_ERROR;
				CLANG_WARN_QUOTED_INCLUDE_IN_FRAMEWORK_HEADER = YES;
				CLANG_WARN_RANGE_LOOP_ANALYSIS = YES;
				CLANG_WARN_STRICT_PROTOTYPES = YES;
				CLANG_WARN_SUSPICIOUS_MOVE = YES;
				CLANG_WARN_UNGUARDED_AVAILABILITY = YES_AGGRESSIVE;
				CLANG_WARN_UNREACHABLE_CODE = YES;
				CLANG_WARN__DUPLICATE_METHOD_MATCH = YES;
				COPY_PHASE_STRIP = NO;
				DEBUG_INFORMATION_FORMAT = "dwarf-with-dsym";
				ENABLE_NS_ASSERTIONS = NO;
				ENABLE_STRICT_OBJC_MSGSEND = YES;
				GCC_C_LANGUAGE_STANDARD = gnu11;
				GCC_NO_COMMON_BLOCKS = YES;
				GCC_WARN_64_TO_32_BIT_CONVERSION = YES;
				GCC_WARN_ABOUT_RETURN_TYPE = YES_ERROR;
				GCC_WARN_UNDECLARED_SELECTOR = YES;
				GCC_WARN_UNINITIALIZED_AUTOS = YES_AGGRESSIVE;
				GCC_WARN_UNUSED_FUNCTION = YES;
				GCC_WARN_UNUSED_VARIABLE = YES;
				IPHONEOS_DEPLOYMENT_TARGET = 16.0;
				MTL_ENABLE_DEBUG_INFO = NO;
				MTL_FAST_MATH = YES;
				SDKROOT = iphoneos;
				SWIFT_COMPILATION_MODE = wholemodule;
				SWIFT_OPTIMIZATION_LEVEL = "-O";
				VALIDATE_PRODUCT = YES;
			};
			name = Release;
		};
		14A2D043298E5C010072FE2A /* Debug */ = {
			isa = XCBuildConfiguration;
			buildSettings = {
				ASSETCATALOG_COMPILER_APPICON_NAME = AppIcon;
				ASSETCATALOG_COMPILER_GLOBAL_ACCENT_COLOR_NAME = AccentColor;
				CODE_SIGN_STYLE = Automatic;
				CURRENT_PROJECT_VERSION = 1;
				DEVELOPMENT_TEAM = 4C96B7697Z;
				GENERATE_INFOPLIST_FILE = YES;
				INFOPLIST_FILE = AnimalCrossingPedia/Info.plist;
				INFOPLIST_KEY_UIApplicationSupportsIndirectInputEvents = YES;
				INFOPLIST_KEY_UILaunchStoryboardName = LaunchScreen;
				INFOPLIST_KEY_UIMainStoryboardFile = "";
				INFOPLIST_KEY_UISupportedInterfaceOrientations_iPad = "UIInterfaceOrientationPortrait UIInterfaceOrientationPortraitUpsideDown UIInterfaceOrientationLandscapeLeft UIInterfaceOrientationLandscapeRight";
				INFOPLIST_KEY_UISupportedInterfaceOrientations_iPhone = "UIInterfaceOrientationPortrait UIInterfaceOrientationLandscapeLeft UIInterfaceOrientationLandscapeRight";
				IPHONEOS_DEPLOYMENT_TARGET = 15.0;
				LD_RUNPATH_SEARCH_PATHS = (
					"$(inherited)",
					"@executable_path/Frameworks",
				);
				MARKETING_VERSION = 1.0;
				PRODUCT_BUNDLE_IDENTIFIER = com.rayeLight.AnimalCrossingPedia;
				PRODUCT_NAME = "$(TARGET_NAME)";
				SWIFT_EMIT_LOC_STRINGS = YES;
				SWIFT_VERSION = 5.0;
				TARGETED_DEVICE_FAMILY = "1,2";
			};
			name = Debug;
		};
		14A2D044298E5C010072FE2A /* Release */ = {
			isa = XCBuildConfiguration;
			buildSettings = {
				ASSETCATALOG_COMPILER_APPICON_NAME = AppIcon;
				ASSETCATALOG_COMPILER_GLOBAL_ACCENT_COLOR_NAME = AccentColor;
				CODE_SIGN_STYLE = Automatic;
				CURRENT_PROJECT_VERSION = 1;
				DEVELOPMENT_TEAM = 4C96B7697Z;
				GENERATE_INFOPLIST_FILE = YES;
				INFOPLIST_FILE = AnimalCrossingPedia/Info.plist;
				INFOPLIST_KEY_UIApplicationSupportsIndirectInputEvents = YES;
				INFOPLIST_KEY_UILaunchStoryboardName = LaunchScreen;
				INFOPLIST_KEY_UIMainStoryboardFile = "";
				INFOPLIST_KEY_UISupportedInterfaceOrientations_iPad = "UIInterfaceOrientationPortrait UIInterfaceOrientationPortraitUpsideDown UIInterfaceOrientationLandscapeLeft UIInterfaceOrientationLandscapeRight";
				INFOPLIST_KEY_UISupportedInterfaceOrientations_iPhone = "UIInterfaceOrientationPortrait UIInterfaceOrientationLandscapeLeft UIInterfaceOrientationLandscapeRight";
				IPHONEOS_DEPLOYMENT_TARGET = 15.0;
				LD_RUNPATH_SEARCH_PATHS = (
					"$(inherited)",
					"@executable_path/Frameworks",
				);
				MARKETING_VERSION = 1.0;
				PRODUCT_BUNDLE_IDENTIFIER = com.rayeLight.AnimalCrossingPedia;
				PRODUCT_NAME = "$(TARGET_NAME)";
				SWIFT_EMIT_LOC_STRINGS = YES;
				SWIFT_VERSION = 5.0;
				TARGETED_DEVICE_FAMILY = "1,2";
			};
			name = Release;
		};
/* End XCBuildConfiguration section */

/* Begin XCConfigurationList section */
		14A2D029298E5C000072FE2A /* Build configuration list for PBXProject "AnimalCrossingPedia" */ = {
			isa = XCConfigurationList;
			buildConfigurations = (
				14A2D040298E5C010072FE2A /* Debug */,
				14A2D041298E5C010072FE2A /* Release */,
			);
			defaultConfigurationIsVisible = 0;
			defaultConfigurationName = Release;
		};
		14A2D042298E5C010072FE2A /* Build configuration list for PBXNativeTarget "AnimalCrossingPedia" */ = {
			isa = XCConfigurationList;
			buildConfigurations = (
				14A2D043298E5C010072FE2A /* Debug */,
				14A2D044298E5C010072FE2A /* Release */,
			);
			defaultConfigurationIsVisible = 0;
			defaultConfigurationName = Release;
		};
/* End XCConfigurationList section */
	};
	rootObject = 14A2D026298E5C000072FE2A /* Project object */;
}
